github.com/nretnilkram/pswd v0.0.0-20211029112958-d7f9144db088 h1:zRE3DkbcfYNNePL3/52hsn95Q1nf7PLm6VR6RpYWcLo=
github.com/nretnilkram/pswd v0.0.0-20211029112958-d7f9144db088/go.mod h1:zSOFJXbuZEiw+g7ouINXzloYZBnp7gwx36RrUl5RmXA=
github.com/nretnilkram/pswd v1.0.0 h1:KL2kLeEa+vBD6PaM0+pI310akna67Njn54x8oRJjqhI=
github.com/nretnilkram/pswd v1.0.0/go.mod h1:zSOFJXbuZEiw+g7ouINXzloYZBnp7gwx36RrUl5RmXA=
